
Microsoft Visual Studio Solution File, Format Version 12.00
# Visual Studio Version 17
VisualStudioVersion = 17.6.33829.357
MinimumVisualStudioVersion = 10.0.40219.1
Project("{FAE04EC0-301F-11D3-BF4B-00C04F79EFBC}") = "App_IOT_Li_Greci", "App_IOT_Li_Greci\App_IOT_Li_Greci.csproj", "{2CE04930-17CE-4BAF-AA1F-50B36588E378}"
EndProject
Project("{FAE04EC0-301F-11D3-BF4B-00C04F79EFBC}") = "Utility", "Utility\Utility.csproj", "{1C28B8CC-61C0-4C61-A800-21CE69C7C3CE}"
EndProject
Global
	GlobalSection(SolutionConfigurationPlatforms) = preSolution
		Debug|Any CPU = Debug|Any CPU
		Release|Any CPU = Release|Any CPU
	EndGlobalSection
	GlobalSection(ProjectConfigurationPlatforms) = postSolution
		{2CE04930-17CE-4BAF-AA1F-50B36588E378}.Debug|Any CPU.ActiveCfg = Debug|Any CPU
		{2CE04930-17CE-4BAF-AA1F-50B36588E378}.Debug|Any CPU.Build.0 = Debug|Any CPU
		{2CE04930-17CE-4BAF-AA1F-50B36588E378}.Release|Any CPU.ActiveCfg = Release|Any CPU
		{2CE04930-17CE-4BAF-AA1F-50B36588E378}.Release|Any CPU.Build.0 = Release|Any CPU
		{1C28B8CC-61C0-4C61-A800-21CE69C7C3CE}.Debug|Any CPU.ActiveCfg = Debug|Any CPU
		{1C28B8CC-61C0-4C61-A800-21CE69C7C3CE}.Debug|Any CPU.Build.0 = Debug|Any CPU
		{1C28B8CC-61C0-4C61-A800-21CE69C7C3CE}.Release|Any CPU.ActiveCfg = Release|Any CPU
		{1C28B8CC-61C0-4C61-A800-21CE69C7C3CE}.Release|Any CPU.Build.0 = Release|Any CPU
	EndGlobalSection
	GlobalSection(SolutionProperties) = preSolution
		HideSolutionNode = FALSE
	EndGlobalSection
	GlobalSection(ExtensibilityGlobals) = postSolution
		SolutionGuid = {59FF4110-0B50-4C97-BA38-892E1D0E60BF}
	EndGlobalSection
EndGlobal
